// !$*UTF8*$!
{
	archiveVersion = 1;
	classes = {
	};
	objectVersion = 55;
	objects = {

/* Begin PBXBuildFile section */
		022DF8AF282E1F4E0022A954 /* HomeViewController.swift in Sources */ = {isa = PBXBuildFile; fileRef = 022DF8AE282E1F4E0022A954 /* HomeViewController.swift */; };
		0274E8E5282A010E0074C3E8 /* LoginView.swift in Sources */ = {isa = PBXBuildFile; fileRef = 0274E8E4282A010E0074C3E8 /* LoginView.swift */; };
		02DA60152832449500AE9C00 /* LoginDependency.swift in Sources */ = {isa = PBXBuildFile; fileRef = 02DA60142832449500AE9C00 /* LoginDependency.swift */; };
		02DA60172832489A00AE9C00 /* EventDependency.swift in Sources */ = {isa = PBXBuildFile; fileRef = 02DA60162832489A00AE9C00 /* EventDependency.swift */; };
		02DA60402833714A00AE9C00 /* KakaoLoginStub.swift in Sources */ = {isa = PBXBuildFile; fileRef = 02DA603E28336CEB00AE9C00 /* KakaoLoginStub.swift */; };
		02DFA2DD282B8589005834D6 /* UserDefaultManager.swift in Sources */ = {isa = PBXBuildFile; fileRef = 02DFA2DC282B8589005834D6 /* UserDefaultManager.swift */; };
		02DFA2DF282B8C3C005834D6 /* UserData.swift in Sources */ = {isa = PBXBuildFile; fileRef = 02DFA2DE282B8C3C005834D6 /* UserData.swift */; };
		02DFA2E1282B8CA1005834D6 /* SceneUseCase.swift in Sources */ = {isa = PBXBuildFile; fileRef = 02DFA2E0282B8CA1005834D6 /* SceneUseCase.swift */; };
		02DFA2E8282BA605005834D6 /* EventView.swift in Sources */ = {isa = PBXBuildFile; fileRef = 02DFA2E7282BA605005834D6 /* EventView.swift */; };
		02DFA2EA282BA9B6005834D6 /* EventViewController.swift in Sources */ = {isa = PBXBuildFile; fileRef = 02DFA2E9282BA9B6005834D6 /* EventViewController.swift */; };
		02DFA2F1282BAD7E005834D6 /* UIColor+.swift in Sources */ = {isa = PBXBuildFile; fileRef = 02DFA2F0282BAD7E005834D6 /* UIColor+.swift */; };
		02DFA2F3282BF9D1005834D6 /* EventUseCase.swift in Sources */ = {isa = PBXBuildFile; fileRef = 02DFA2F2282BF9D1005834D6 /* EventUseCase.swift */; };
		02DFA2F5282CA209005834D6 /* EventRepository.swift in Sources */ = {isa = PBXBuildFile; fileRef = 02DFA2F4282CA209005834D6 /* EventRepository.swift */; };
		02DFA2F9282CA50A005834D6 /* EventService.swift in Sources */ = {isa = PBXBuildFile; fileRef = 02DFA2F8282CA50A005834D6 /* EventService.swift */; };
		02DFA2FB282CA59B005834D6 /* CodeSquadStarbuckstAPI.swift in Sources */ = {isa = PBXBuildFile; fileRef = 02DFA2FA282CA59B005834D6 /* CodeSquadStarbuckstAPI.swift */; };
		02E32FD82834041A0045A371 /* HomeUseCase.swift in Sources */ = {isa = PBXBuildFile; fileRef = 02E32FD72834041A0045A371 /* HomeUseCase.swift */; };
		02E32FDA2834044E0045A371 /* HomeAPI.swift in Sources */ = {isa = PBXBuildFile; fileRef = 02E32FD92834044E0045A371 /* HomeAPI.swift */; };
		02E32FDC283404760045A371 /* HomeService.swift in Sources */ = {isa = PBXBuildFile; fileRef = 02E32FDB283404760045A371 /* HomeService.swift */; };
		02E32FDE2834048B0045A371 /* HomeRepository.swift in Sources */ = {isa = PBXBuildFile; fileRef = 02E32FDD2834048B0045A371 /* HomeRepository.swift */; };
		02E32FE0283404A30045A371 /* HomeComponents.swift in Sources */ = {isa = PBXBuildFile; fileRef = 02E32FDF283404A30045A371 /* HomeComponents.swift */; };
		02E32FE2283404B50045A371 /* ProductDTO.swift in Sources */ = {isa = PBXBuildFile; fileRef = 02E32FE1283404B50045A371 /* ProductDTO.swift */; };
		02E32FE4283404C10045A371 /* HomeComponentsDTO.swift in Sources */ = {isa = PBXBuildFile; fileRef = 02E32FE3283404C10045A371 /* HomeComponentsDTO.swift */; };
		6F13C6B0AB22C0E60403A2B4 /* Pods_StarbucksCloneTests.framework in Frameworks */ = {isa = PBXBuildFile; fileRef = 55BE3B67ECBD422EE464ED65 /* Pods_StarbucksCloneTests.framework */; };
		7202D2D82833742F00683403 /* HomeView.swift in Sources */ = {isa = PBXBuildFile; fileRef = 7202D2D72833742F00683403 /* HomeView.swift */; };
		7202D2DA2833759500683403 /* WhatsNewTitleView.swift in Sources */ = {isa = PBXBuildFile; fileRef = 7202D2D92833759500683403 /* WhatsNewTitleView.swift */; };
		7202D2DD283386B700683403 /* RecommendCollectionDelegate.swift in Sources */ = {isa = PBXBuildFile; fileRef = 7202D2DC283386B700683403 /* RecommendCollectionDelegate.swift */; };
		7202D2DF2833890600683403 /* RecommendCollectionDataSource.swift in Sources */ = {isa = PBXBuildFile; fileRef = 7202D2DE2833890600683403 /* RecommendCollectionDataSource.swift */; };
		7202D2E128338A9900683403 /* RecommendDTO.swift in Sources */ = {isa = PBXBuildFile; fileRef = 7202D2E028338A9900683403 /* RecommendDTO.swift */; };
		7202D2E328338B1900683403 /* RecommentCollectionCell.swift in Sources */ = {isa = PBXBuildFile; fileRef = 7202D2E228338B1900683403 /* RecommentCollectionCell.swift */; };
		720B05372831ECD1000C630F /* ViewControllerComponents.swift in Sources */ = {isa = PBXBuildFile; fileRef = 720B05362831ECD1000C630F /* ViewControllerComponents.swift */; };
		7210186D282CA7CD00D36E1F /* StarbuckstDTO.swift in Sources */ = {isa = PBXBuildFile; fileRef = 7210186C282CA7CD00D36E1F /* StarbuckstDTO.swift */; };
		724CB067282A3EB4001DD361 /* LoginUseCase.swift in Sources */ = {isa = PBXBuildFile; fileRef = 724CB066282A3EB4001DD361 /* LoginUseCase.swift */; };
		724CB069282A3EC8001DD361 /* KakaoLogin.swift in Sources */ = {isa = PBXBuildFile; fileRef = 724CB068282A3EC8001DD361 /* KakaoLogin.swift */; };
		726656062829039400FCE427 /* AppDelegate.swift in Sources */ = {isa = PBXBuildFile; fileRef = 726656052829039400FCE427 /* AppDelegate.swift */; };
		726656082829039400FCE427 /* SceneDelegate.swift in Sources */ = {isa = PBXBuildFile; fileRef = 726656072829039400FCE427 /* SceneDelegate.swift */; };
		7266560A2829039400FCE427 /* LoginViewController.swift in Sources */ = {isa = PBXBuildFile; fileRef = 726656092829039400FCE427 /* LoginViewController.swift */; };
		7266560F2829039600FCE427 /* Assets.xcassets in Resources */ = {isa = PBXBuildFile; fileRef = 7266560E2829039600FCE427 /* Assets.xcassets */; };
		726656122829039600FCE427 /* LaunchScreen.storyboard in Resources */ = {isa = PBXBuildFile; fileRef = 726656102829039600FCE427 /* LaunchScreen.storyboard */; };
		7266561D2829039600FCE427 /* StarbucksCloneTests.swift in Sources */ = {isa = PBXBuildFile; fileRef = 7266561C2829039600FCE427 /* StarbucksCloneTests.swift */; };
		726656272829039600FCE427 /* StarbucksCloneUITests.swift in Sources */ = {isa = PBXBuildFile; fileRef = 726656262829039600FCE427 /* StarbucksCloneUITests.swift */; };
		726656292829039600FCE427 /* StarbucksCloneUITestsLaunchTests.swift in Sources */ = {isa = PBXBuildFile; fileRef = 726656282829039600FCE427 /* StarbucksCloneUITestsLaunchTests.swift */; };
		72888EDE28323F4A005C032D /* DependencyInjector.swift in Sources */ = {isa = PBXBuildFile; fileRef = 72888EDD28323F4A005C032D /* DependencyInjector.swift */; };
		72888EE02832404C005C032D /* SceneDependency.swift in Sources */ = {isa = PBXBuildFile; fileRef = 72888EDF2832404C005C032D /* SceneDependency.swift */; };
		72FD49B528336C1700E5322A /* EventRepositoryStub.swift in Sources */ = {isa = PBXBuildFile; fileRef = 72FD49B428336C1700E5322A /* EventRepositoryStub.swift */; };
		88CE0531D12E07ADD02E8395 /* Pods_StarbucksClone_StarbucksCloneUITests.framework in Frameworks */ = {isa = PBXBuildFile; fileRef = 5245BF4C57BE6797364788E0 /* Pods_StarbucksClone_StarbucksCloneUITests.framework */; };
		E6066FF0B88424816200329F /* Pods_StarbucksClone.framework in Frameworks */ = {isa = PBXBuildFile; fileRef = 8871A3EB602F35A0D93F8F62 /* Pods_StarbucksClone.framework */; };
/* End PBXBuildFile section */

/* Begin PBXContainerItemProxy section */
		726656192829039600FCE427 /* PBXContainerItemProxy */ = {
			isa = PBXContainerItemProxy;
			containerPortal = 726655FA2829039400FCE427 /* Project object */;
			proxyType = 1;
			remoteGlobalIDString = 726656012829039400FCE427;
			remoteInfo = StarbucksClone;
		};
		726656232829039600FCE427 /* PBXContainerItemProxy */ = {
			isa = PBXContainerItemProxy;
			containerPortal = 726655FA2829039400FCE427 /* Project object */;
			proxyType = 1;
			remoteGlobalIDString = 726656012829039400FCE427;
			remoteInfo = StarbucksClone;
		};
/* End PBXContainerItemProxy section */

/* Begin PBXFileReference section */
		022DF8AE282E1F4E0022A954 /* HomeViewController.swift */ = {isa = PBXFileReference; lastKnownFileType = sourcecode.swift; path = HomeViewController.swift; sourceTree = "<group>"; };
		0274E8E4282A010E0074C3E8 /* LoginView.swift */ = {isa = PBXFileReference; lastKnownFileType = sourcecode.swift; path = LoginView.swift; sourceTree = "<group>"; };
		02DA60142832449500AE9C00 /* LoginDependency.swift */ = {isa = PBXFileReference; lastKnownFileType = sourcecode.swift; path = LoginDependency.swift; sourceTree = "<group>"; };
		02DA60162832489A00AE9C00 /* EventDependency.swift */ = {isa = PBXFileReference; lastKnownFileType = sourcecode.swift; path = EventDependency.swift; sourceTree = "<group>"; };
		02DA603E28336CEB00AE9C00 /* KakaoLoginStub.swift */ = {isa = PBXFileReference; lastKnownFileType = sourcecode.swift; path = KakaoLoginStub.swift; sourceTree = "<group>"; };
		02DFA2DC282B8589005834D6 /* UserDefaultManager.swift */ = {isa = PBXFileReference; lastKnownFileType = sourcecode.swift; path = UserDefaultManager.swift; sourceTree = "<group>"; };
		02DFA2DE282B8C3C005834D6 /* UserData.swift */ = {isa = PBXFileReference; lastKnownFileType = sourcecode.swift; path = UserData.swift; sourceTree = "<group>"; };
		02DFA2E0282B8CA1005834D6 /* SceneUseCase.swift */ = {isa = PBXFileReference; lastKnownFileType = sourcecode.swift; path = SceneUseCase.swift; sourceTree = "<group>"; };
		02DFA2E7282BA605005834D6 /* EventView.swift */ = {isa = PBXFileReference; lastKnownFileType = sourcecode.swift; path = EventView.swift; sourceTree = "<group>"; };
		02DFA2E9282BA9B6005834D6 /* EventViewController.swift */ = {isa = PBXFileReference; lastKnownFileType = sourcecode.swift; path = EventViewController.swift; sourceTree = "<group>"; };
		02DFA2F0282BAD7E005834D6 /* UIColor+.swift */ = {isa = PBXFileReference; lastKnownFileType = sourcecode.swift; path = "UIColor+.swift"; sourceTree = "<group>"; };
		02DFA2F2282BF9D1005834D6 /* EventUseCase.swift */ = {isa = PBXFileReference; lastKnownFileType = sourcecode.swift; path = EventUseCase.swift; sourceTree = "<group>"; };
		02DFA2F4282CA209005834D6 /* EventRepository.swift */ = {isa = PBXFileReference; lastKnownFileType = sourcecode.swift; path = EventRepository.swift; sourceTree = "<group>"; };
		02DFA2F8282CA50A005834D6 /* EventService.swift */ = {isa = PBXFileReference; lastKnownFileType = sourcecode.swift; path = EventService.swift; sourceTree = "<group>"; };
		02DFA2FA282CA59B005834D6 /* CodeSquadStarbuckstAPI.swift */ = {isa = PBXFileReference; lastKnownFileType = sourcecode.swift; path = CodeSquadStarbuckstAPI.swift; sourceTree = "<group>"; };
		02E32FD72834041A0045A371 /* HomeUseCase.swift */ = {isa = PBXFileReference; lastKnownFileType = sourcecode.swift; path = HomeUseCase.swift; sourceTree = "<group>"; };
		02E32FD92834044E0045A371 /* HomeAPI.swift */ = {isa = PBXFileReference; lastKnownFileType = sourcecode.swift; path = HomeAPI.swift; sourceTree = "<group>"; };
		02E32FDB283404760045A371 /* HomeService.swift */ = {isa = PBXFileReference; lastKnownFileType = sourcecode.swift; path = HomeService.swift; sourceTree = "<group>"; };
		02E32FDD2834048B0045A371 /* HomeRepository.swift */ = {isa = PBXFileReference; lastKnownFileType = sourcecode.swift; path = HomeRepository.swift; sourceTree = "<group>"; };
		02E32FDF283404A30045A371 /* HomeComponents.swift */ = {isa = PBXFileReference; lastKnownFileType = sourcecode.swift; path = HomeComponents.swift; sourceTree = "<group>"; };
		02E32FE1283404B50045A371 /* ProductDTO.swift */ = {isa = PBXFileReference; lastKnownFileType = sourcecode.swift; path = ProductDTO.swift; sourceTree = "<group>"; };
		02E32FE3283404C10045A371 /* HomeComponentsDTO.swift */ = {isa = PBXFileReference; lastKnownFileType = sourcecode.swift; path = HomeComponentsDTO.swift; sourceTree = "<group>"; };
		5245BF4C57BE6797364788E0 /* Pods_StarbucksClone_StarbucksCloneUITests.framework */ = {isa = PBXFileReference; explicitFileType = wrapper.framework; includeInIndex = 0; path = Pods_StarbucksClone_StarbucksCloneUITests.framework; sourceTree = BUILT_PRODUCTS_DIR; };
		55BE3B67ECBD422EE464ED65 /* Pods_StarbucksCloneTests.framework */ = {isa = PBXFileReference; explicitFileType = wrapper.framework; includeInIndex = 0; path = Pods_StarbucksCloneTests.framework; sourceTree = BUILT_PRODUCTS_DIR; };
		7202D2D72833742F00683403 /* HomeView.swift */ = {isa = PBXFileReference; lastKnownFileType = sourcecode.swift; path = HomeView.swift; sourceTree = "<group>"; };
		7202D2D92833759500683403 /* WhatsNewTitleView.swift */ = {isa = PBXFileReference; lastKnownFileType = sourcecode.swift; path = WhatsNewTitleView.swift; sourceTree = "<group>"; };
		7202D2DC283386B700683403 /* RecommendCollectionDelegate.swift */ = {isa = PBXFileReference; lastKnownFileType = sourcecode.swift; path = RecommendCollectionDelegate.swift; sourceTree = "<group>"; };
		7202D2DE2833890600683403 /* RecommendCollectionDataSource.swift */ = {isa = PBXFileReference; lastKnownFileType = sourcecode.swift; path = RecommendCollectionDataSource.swift; sourceTree = "<group>"; };
		7202D2E028338A9900683403 /* RecommendDTO.swift */ = {isa = PBXFileReference; lastKnownFileType = sourcecode.swift; name = RecommendDTO.swift; path = StarbucksClone/View/CollectionDelegate/RecommendDTO.swift; sourceTree = SOURCE_ROOT; };
		7202D2E228338B1900683403 /* RecommentCollectionCell.swift */ = {isa = PBXFileReference; lastKnownFileType = sourcecode.swift; path = RecommentCollectionCell.swift; sourceTree = "<group>"; };
		720B05362831ECD1000C630F /* ViewControllerComponents.swift */ = {isa = PBXFileReference; lastKnownFileType = sourcecode.swift; path = ViewControllerComponents.swift; sourceTree = "<group>"; };
		7210186C282CA7CD00D36E1F /* StarbuckstDTO.swift */ = {isa = PBXFileReference; lastKnownFileType = sourcecode.swift; name = StarbuckstDTO.swift; path = StarbucksClone/Model/StarbuckstDTO.swift; sourceTree = SOURCE_ROOT; };
		724CB066282A3EB4001DD361 /* LoginUseCase.swift */ = {isa = PBXFileReference; lastKnownFileType = sourcecode.swift; path = LoginUseCase.swift; sourceTree = "<group>"; };
		724CB068282A3EC8001DD361 /* KakaoLogin.swift */ = {isa = PBXFileReference; lastKnownFileType = sourcecode.swift; path = KakaoLogin.swift; sourceTree = "<group>"; };
		726656022829039400FCE427 /* StarbucksClone.app */ = {isa = PBXFileReference; explicitFileType = wrapper.application; includeInIndex = 0; path = StarbucksClone.app; sourceTree = BUILT_PRODUCTS_DIR; };
		726656052829039400FCE427 /* AppDelegate.swift */ = {isa = PBXFileReference; lastKnownFileType = sourcecode.swift; path = AppDelegate.swift; sourceTree = "<group>"; };
		726656072829039400FCE427 /* SceneDelegate.swift */ = {isa = PBXFileReference; lastKnownFileType = sourcecode.swift; path = SceneDelegate.swift; sourceTree = "<group>"; };
		726656092829039400FCE427 /* LoginViewController.swift */ = {isa = PBXFileReference; lastKnownFileType = sourcecode.swift; path = LoginViewController.swift; sourceTree = "<group>"; };
		7266560E2829039600FCE427 /* Assets.xcassets */ = {isa = PBXFileReference; lastKnownFileType = folder.assetcatalog; path = Assets.xcassets; sourceTree = "<group>"; };
		726656112829039600FCE427 /* Base */ = {isa = PBXFileReference; lastKnownFileType = file.storyboard; name = Base; path = Base.lproj/LaunchScreen.storyboard; sourceTree = "<group>"; };
		726656132829039600FCE427 /* Info.plist */ = {isa = PBXFileReference; lastKnownFileType = text.plist.xml; path = Info.plist; sourceTree = "<group>"; };
		726656182829039600FCE427 /* StarbucksCloneTests.xctest */ = {isa = PBXFileReference; explicitFileType = wrapper.cfbundle; includeInIndex = 0; path = StarbucksCloneTests.xctest; sourceTree = BUILT_PRODUCTS_DIR; };
		7266561C2829039600FCE427 /* StarbucksCloneTests.swift */ = {isa = PBXFileReference; lastKnownFileType = sourcecode.swift; path = StarbucksCloneTests.swift; sourceTree = "<group>"; };
		726656222829039600FCE427 /* StarbucksCloneUITests.xctest */ = {isa = PBXFileReference; explicitFileType = wrapper.cfbundle; includeInIndex = 0; path = StarbucksCloneUITests.xctest; sourceTree = BUILT_PRODUCTS_DIR; };
		726656262829039600FCE427 /* StarbucksCloneUITests.swift */ = {isa = PBXFileReference; lastKnownFileType = sourcecode.swift; path = StarbucksCloneUITests.swift; sourceTree = "<group>"; };
		726656282829039600FCE427 /* StarbucksCloneUITestsLaunchTests.swift */ = {isa = PBXFileReference; lastKnownFileType = sourcecode.swift; path = StarbucksCloneUITestsLaunchTests.swift; sourceTree = "<group>"; };
		72888EDD28323F4A005C032D /* DependencyInjector.swift */ = {isa = PBXFileReference; lastKnownFileType = sourcecode.swift; path = DependencyInjector.swift; sourceTree = "<group>"; };
		72888EDF2832404C005C032D /* SceneDependency.swift */ = {isa = PBXFileReference; lastKnownFileType = sourcecode.swift; path = SceneDependency.swift; sourceTree = "<group>"; };
		72FD49B428336C1700E5322A /* EventRepositoryStub.swift */ = {isa = PBXFileReference; lastKnownFileType = sourcecode.swift; path = EventRepositoryStub.swift; sourceTree = "<group>"; };
		8871A3EB602F35A0D93F8F62 /* Pods_StarbucksClone.framework */ = {isa = PBXFileReference; explicitFileType = wrapper.framework; includeInIndex = 0; path = Pods_StarbucksClone.framework; sourceTree = BUILT_PRODUCTS_DIR; };
		98582D50427383EA793B2D81 /* Pods-StarbucksClone.debug.xcconfig */ = {isa = PBXFileReference; includeInIndex = 1; lastKnownFileType = text.xcconfig; name = "Pods-StarbucksClone.debug.xcconfig"; path = "Target Support Files/Pods-StarbucksClone/Pods-StarbucksClone.debug.xcconfig"; sourceTree = "<group>"; };
		9B0F3E2DDD226EEFB72B4E7A /* Pods-StarbucksCloneTests.debug.xcconfig */ = {isa = PBXFileReference; includeInIndex = 1; lastKnownFileType = text.xcconfig; name = "Pods-StarbucksCloneTests.debug.xcconfig"; path = "Target Support Files/Pods-StarbucksCloneTests/Pods-StarbucksCloneTests.debug.xcconfig"; sourceTree = "<group>"; };
		A442B7F9BA65EF3B08110667 /* Pods-StarbucksCloneTests.release.xcconfig */ = {isa = PBXFileReference; includeInIndex = 1; lastKnownFileType = text.xcconfig; name = "Pods-StarbucksCloneTests.release.xcconfig"; path = "Target Support Files/Pods-StarbucksCloneTests/Pods-StarbucksCloneTests.release.xcconfig"; sourceTree = "<group>"; };
		D816242151031D9D59B1540C /* Pods-StarbucksClone-StarbucksCloneUITests.release.xcconfig */ = {isa = PBXFileReference; includeInIndex = 1; lastKnownFileType = text.xcconfig; name = "Pods-StarbucksClone-StarbucksCloneUITests.release.xcconfig"; path = "Target Support Files/Pods-StarbucksClone-StarbucksCloneUITests/Pods-StarbucksClone-StarbucksCloneUITests.release.xcconfig"; sourceTree = "<group>"; };
		F6ECDE7B9B69A23FB22BE91E /* Pods-StarbucksClone-StarbucksCloneUITests.debug.xcconfig */ = {isa = PBXFileReference; includeInIndex = 1; lastKnownFileType = text.xcconfig; name = "Pods-StarbucksClone-StarbucksCloneUITests.debug.xcconfig"; path = "Target Support Files/Pods-StarbucksClone-StarbucksCloneUITests/Pods-StarbucksClone-StarbucksCloneUITests.debug.xcconfig"; sourceTree = "<group>"; };
		F6FFE906934301C1DFB2BEBE /* Pods-StarbucksClone.release.xcconfig */ = {isa = PBXFileReference; includeInIndex = 1; lastKnownFileType = text.xcconfig; name = "Pods-StarbucksClone.release.xcconfig"; path = "Target Support Files/Pods-StarbucksClone/Pods-StarbucksClone.release.xcconfig"; sourceTree = "<group>"; };
/* End PBXFileReference section */

/* Begin PBXFrameworksBuildPhase section */
		726655FF2829039400FCE427 /* Frameworks */ = {
			isa = PBXFrameworksBuildPhase;
			buildActionMask = 2147483647;
			files = (
				E6066FF0B88424816200329F /* Pods_StarbucksClone.framework in Frameworks */,
			);
			runOnlyForDeploymentPostprocessing = 0;
		};
		726656152829039600FCE427 /* Frameworks */ = {
			isa = PBXFrameworksBuildPhase;
			buildActionMask = 2147483647;
			files = (
				6F13C6B0AB22C0E60403A2B4 /* Pods_StarbucksCloneTests.framework in Frameworks */,
			);
			runOnlyForDeploymentPostprocessing = 0;
		};
		7266561F2829039600FCE427 /* Frameworks */ = {
			isa = PBXFrameworksBuildPhase;
			buildActionMask = 2147483647;
			files = (
				88CE0531D12E07ADD02E8395 /* Pods_StarbucksClone_StarbucksCloneUITests.framework in Frameworks */,
			);
			runOnlyForDeploymentPostprocessing = 0;
		};
/* End PBXFrameworksBuildPhase section */

/* Begin PBXGroup section */
		02DFA2E2282B9319005834D6 /* View */ = {
			isa = PBXGroup;
			children = (
				7202D2DB2833855900683403 /* CollectionDelegate */,
				0274E8E4282A010E0074C3E8 /* LoginView.swift */,
				02DFA2E7282BA605005834D6 /* EventView.swift */,
				7202D2D72833742F00683403 /* HomeView.swift */,
				7202D2D92833759500683403 /* WhatsNewTitleView.swift */,
			);
			path = View;
			sourceTree = "<group>";
		};
		02DFA2E3282B932B005834D6 /* Controller */ = {
			isa = PBXGroup;
			children = (
				726656092829039400FCE427 /* LoginViewController.swift */,
				02DFA2E9282BA9B6005834D6 /* EventViewController.swift */,
				022DF8AE282E1F4E0022A954 /* HomeViewController.swift */,
			);
			path = Controller;
			sourceTree = "<group>";
		};
		02DFA2E4282B9339005834D6 /* Model */ = {
			isa = PBXGroup;
			children = (
				02DFA2E5282B9341005834D6 /* UseCase */,
				02DFA2F7282CA3D7005834D6 /* Repository */,
				02DFA2F6282CA33E005834D6 /* Service */,
				02DFA2E6282B934E005834D6 /* Entity */,
				02DFA2FC282CA674005834D6 /* DTO */,
				724CB068282A3EC8001DD361 /* KakaoLogin.swift */,
				02DFA2DC282B8589005834D6 /* UserDefaultManager.swift */,
			);
			path = Model;
			sourceTree = "<group>";
		};
		02DFA2E5282B9341005834D6 /* UseCase */ = {
			isa = PBXGroup;
			children = (
				02DFA2E0282B8CA1005834D6 /* SceneUseCase.swift */,
				724CB066282A3EB4001DD361 /* LoginUseCase.swift */,
				02DFA2F2282BF9D1005834D6 /* EventUseCase.swift */,
				02E32FD72834041A0045A371 /* HomeUseCase.swift */,
			);
			path = UseCase;
			sourceTree = "<group>";
		};
		02DFA2E6282B934E005834D6 /* Entity */ = {
			isa = PBXGroup;
			children = (
				02DFA2DE282B8C3C005834D6 /* UserData.swift */,
				720B05362831ECD1000C630F /* ViewControllerComponents.swift */,
				02E32FDF283404A30045A371 /* HomeComponents.swift */,
			);
			path = Entity;
			sourceTree = "<group>";
		};
		02DFA2EF282BAD71005834D6 /* Extension */ = {
			isa = PBXGroup;
			children = (
				02DFA2F0282BAD7E005834D6 /* UIColor+.swift */,
			);
			path = Extension;
			sourceTree = "<group>";
		};
		02DFA2F6282CA33E005834D6 /* Service */ = {
			isa = PBXGroup;
			children = (
				02DFA2F8282CA50A005834D6 /* EventService.swift */,
				02DFA2FA282CA59B005834D6 /* CodeSquadStarbuckstAPI.swift */,
				02E32FDB283404760045A371 /* HomeService.swift */,
				02E32FD92834044E0045A371 /* HomeAPI.swift */,
			);
			path = Service;
			sourceTree = "<group>";
		};
		02DFA2F7282CA3D7005834D6 /* Repository */ = {
			isa = PBXGroup;
			children = (
				02DFA2F4282CA209005834D6 /* EventRepository.swift */,
				02E32FDD2834048B0045A371 /* HomeRepository.swift */,
			);
			path = Repository;
			sourceTree = "<group>";
		};
		02DFA2FC282CA674005834D6 /* DTO */ = {
			isa = PBXGroup;
			children = (
				7210186C282CA7CD00D36E1F /* StarbuckstDTO.swift */,
				7202D2E028338A9900683403 /* RecommendDTO.swift */,
				02E32FE3283404C10045A371 /* HomeComponentsDTO.swift */,
				02E32FE1283404B50045A371 /* ProductDTO.swift */,
			);
			path = DTO;
			sourceTree = "<group>";
		};
		7202D2DB2833855900683403 /* CollectionDelegate */ = {
			isa = PBXGroup;
			children = (
				7202D2DC283386B700683403 /* RecommendCollectionDelegate.swift */,
				7202D2DE2833890600683403 /* RecommendCollectionDataSource.swift */,
				7202D2E228338B1900683403 /* RecommentCollectionCell.swift */,
			);
			path = CollectionDelegate;
			sourceTree = "<group>";
		};
		726655F92829039400FCE427 = {
			isa = PBXGroup;
			children = (
				726656042829039400FCE427 /* StarbucksClone */,
				7266561B2829039600FCE427 /* StarbucksCloneTests */,
				726656252829039600FCE427 /* StarbucksCloneUITests */,
				726656032829039400FCE427 /* Products */,
				A6F0DD8B7BF68E486EEC23ED /* Pods */,
				81BD1E1C10FE4DA8E46CD2F5 /* Frameworks */,
			);
			sourceTree = "<group>";
		};
		726656032829039400FCE427 /* Products */ = {
			isa = PBXGroup;
			children = (
				726656022829039400FCE427 /* StarbucksClone.app */,
				726656182829039600FCE427 /* StarbucksCloneTests.xctest */,
				726656222829039600FCE427 /* StarbucksCloneUITests.xctest */,
			);
			name = Products;
			sourceTree = "<group>";
		};
		726656042829039400FCE427 /* StarbucksClone */ = {
			isa = PBXGroup;
			children = (
				72888EDC28323F3A005C032D /* Dependency */,
				02DFA2EF282BAD71005834D6 /* Extension */,
				726656052829039400FCE427 /* AppDelegate.swift */,
				726656072829039400FCE427 /* SceneDelegate.swift */,
				02DFA2E4282B9339005834D6 /* Model */,
				02DFA2E2282B9319005834D6 /* View */,
				02DFA2E3282B932B005834D6 /* Controller */,
				7266560E2829039600FCE427 /* Assets.xcassets */,
				726656102829039600FCE427 /* LaunchScreen.storyboard */,
				726656132829039600FCE427 /* Info.plist */,
			);
			path = StarbucksClone;
			sourceTree = "<group>";
		};
		7266561B2829039600FCE427 /* StarbucksCloneTests */ = {
			isa = PBXGroup;
			children = (
				72FD49B12833694500E5322A /* Mock */,
				7266561C2829039600FCE427 /* StarbucksCloneTests.swift */,
			);
			path = StarbucksCloneTests;
			sourceTree = "<group>";
		};
		726656252829039600FCE427 /* StarbucksCloneUITests */ = {
			isa = PBXGroup;
			children = (
				726656262829039600FCE427 /* StarbucksCloneUITests.swift */,
				726656282829039600FCE427 /* StarbucksCloneUITestsLaunchTests.swift */,
			);
			path = StarbucksCloneUITests;
			sourceTree = "<group>";
		};
		72888EDC28323F3A005C032D /* Dependency */ = {
			isa = PBXGroup;
			children = (
				72888EDD28323F4A005C032D /* DependencyInjector.swift */,
				72888EDF2832404C005C032D /* SceneDependency.swift */,
				02DA60142832449500AE9C00 /* LoginDependency.swift */,
				02DA60162832489A00AE9C00 /* EventDependency.swift */,
			);
			path = Dependency;
			sourceTree = "<group>";
		};
		72FD49B12833694500E5322A /* Mock */ = {
			isa = PBXGroup;
			children = (
				02DA603E28336CEB00AE9C00 /* KakaoLoginStub.swift */,
				72FD49B428336C1700E5322A /* EventRepositoryStub.swift */,
			);
			path = Mock;
			sourceTree = "<group>";
		};
		81BD1E1C10FE4DA8E46CD2F5 /* Frameworks */ = {
			isa = PBXGroup;
			children = (
				8871A3EB602F35A0D93F8F62 /* Pods_StarbucksClone.framework */,
				5245BF4C57BE6797364788E0 /* Pods_StarbucksClone_StarbucksCloneUITests.framework */,
				55BE3B67ECBD422EE464ED65 /* Pods_StarbucksCloneTests.framework */,
			);
			name = Frameworks;
			sourceTree = "<group>";
		};
		A6F0DD8B7BF68E486EEC23ED /* Pods */ = {
			isa = PBXGroup;
			children = (
				98582D50427383EA793B2D81 /* Pods-StarbucksClone.debug.xcconfig */,
				F6FFE906934301C1DFB2BEBE /* Pods-StarbucksClone.release.xcconfig */,
				F6ECDE7B9B69A23FB22BE91E /* Pods-StarbucksClone-StarbucksCloneUITests.debug.xcconfig */,
				D816242151031D9D59B1540C /* Pods-StarbucksClone-StarbucksCloneUITests.release.xcconfig */,
				9B0F3E2DDD226EEFB72B4E7A /* Pods-StarbucksCloneTests.debug.xcconfig */,
				A442B7F9BA65EF3B08110667 /* Pods-StarbucksCloneTests.release.xcconfig */,
			);
			path = Pods;
			sourceTree = "<group>";
		};
/* End PBXGroup section */

/* Begin PBXNativeTarget section */
		726656012829039400FCE427 /* StarbucksClone */ = {
			isa = PBXNativeTarget;
			buildConfigurationList = 7266562C2829039600FCE427 /* Build configuration list for PBXNativeTarget "StarbucksClone" */;
			buildPhases = (
				B0046E3A3AAD4D380A3F3789 /* [CP] Check Pods Manifest.lock */,
				726655FE2829039400FCE427 /* Sources */,
				726655FF2829039400FCE427 /* Frameworks */,
				726656002829039400FCE427 /* Resources */,
				6F98A1CB13F0538B4A0F9C48 /* [CP] Embed Pods Frameworks */,
			);
			buildRules = (
			);
			dependencies = (
			);
			name = StarbucksClone;
			productName = StarbucksClone;
			productReference = 726656022829039400FCE427 /* StarbucksClone.app */;
			productType = "com.apple.product-type.application";
		};
		726656172829039600FCE427 /* StarbucksCloneTests */ = {
			isa = PBXNativeTarget;
			buildConfigurationList = 7266562F2829039600FCE427 /* Build configuration list for PBXNativeTarget "StarbucksCloneTests" */;
			buildPhases = (
				09A4C972D0C91C393369CE5F /* [CP] Check Pods Manifest.lock */,
				726656142829039600FCE427 /* Sources */,
				726656152829039600FCE427 /* Frameworks */,
				726656162829039600FCE427 /* Resources */,
			);
			buildRules = (
			);
			dependencies = (
				7266561A2829039600FCE427 /* PBXTargetDependency */,
			);
			name = StarbucksCloneTests;
			productName = StarbucksCloneTests;
			productReference = 726656182829039600FCE427 /* StarbucksCloneTests.xctest */;
			productType = "com.apple.product-type.bundle.unit-test";
		};
		726656212829039600FCE427 /* StarbucksCloneUITests */ = {
			isa = PBXNativeTarget;
			buildConfigurationList = 726656322829039600FCE427 /* Build configuration list for PBXNativeTarget "StarbucksCloneUITests" */;
			buildPhases = (
				D15E95FA93C873700EAEBBEF /* [CP] Check Pods Manifest.lock */,
				7266561E2829039600FCE427 /* Sources */,
				7266561F2829039600FCE427 /* Frameworks */,
				726656202829039600FCE427 /* Resources */,
				D1937DEC3B2783963BC1B27A /* [CP] Embed Pods Frameworks */,
			);
			buildRules = (
			);
			dependencies = (
				726656242829039600FCE427 /* PBXTargetDependency */,
			);
			name = StarbucksCloneUITests;
			productName = StarbucksCloneUITests;
			productReference = 726656222829039600FCE427 /* StarbucksCloneUITests.xctest */;
			productType = "com.apple.product-type.bundle.ui-testing";
		};
/* End PBXNativeTarget section */

/* Begin PBXProject section */
		726655FA2829039400FCE427 /* Project object */ = {
			isa = PBXProject;
			attributes = {
				BuildIndependentTargetsInParallel = 1;
				LastSwiftUpdateCheck = 1320;
				LastUpgradeCheck = 1320;
				TargetAttributes = {
					726656012829039400FCE427 = {
						CreatedOnToolsVersion = 13.2.1;
					};
					726656172829039600FCE427 = {
						CreatedOnToolsVersion = 13.2.1;
						TestTargetID = 726656012829039400FCE427;
					};
					726656212829039600FCE427 = {
						CreatedOnToolsVersion = 13.2.1;
						TestTargetID = 726656012829039400FCE427;
					};
				};
			};
			buildConfigurationList = 726655FD2829039400FCE427 /* Build configuration list for PBXProject "StarbucksClone" */;
			compatibilityVersion = "Xcode 13.0";
			developmentRegion = en;
			hasScannedForEncodings = 0;
			knownRegions = (
				en,
				Base,
			);
			mainGroup = 726655F92829039400FCE427;
			productRefGroup = 726656032829039400FCE427 /* Products */;
			projectDirPath = "";
			projectRoot = "";
			targets = (
				726656012829039400FCE427 /* StarbucksClone */,
				726656172829039600FCE427 /* StarbucksCloneTests */,
				726656212829039600FCE427 /* StarbucksCloneUITests */,
			);
		};
/* End PBXProject section */

/* Begin PBXResourcesBuildPhase section */
		726656002829039400FCE427 /* Resources */ = {
			isa = PBXResourcesBuildPhase;
			buildActionMask = 2147483647;
			files = (
				726656122829039600FCE427 /* LaunchScreen.storyboard in Resources */,
				7266560F2829039600FCE427 /* Assets.xcassets in Resources */,
			);
			runOnlyForDeploymentPostprocessing = 0;
		};
		726656162829039600FCE427 /* Resources */ = {
			isa = PBXResourcesBuildPhase;
			buildActionMask = 2147483647;
			files = (
			);
			runOnlyForDeploymentPostprocessing = 0;
		};
		726656202829039600FCE427 /* Resources */ = {
			isa = PBXResourcesBuildPhase;
			buildActionMask = 2147483647;
			files = (
			);
			runOnlyForDeploymentPostprocessing = 0;
		};
/* End PBXResourcesBuildPhase section */

/* Begin PBXShellScriptBuildPhase section */
		09A4C972D0C91C393369CE5F /* [CP] Check Pods Manifest.lock */ = {
			isa = PBXShellScriptBuildPhase;
			buildActionMask = 2147483647;
			files = (
			);
			inputFileListPaths = (
			);
			inputPaths = (
				"${PODS_PODFILE_DIR_PATH}/Podfile.lock",
				"${PODS_ROOT}/Manifest.lock",
			);
			name = "[CP] Check Pods Manifest.lock";
			outputFileListPaths = (
			);
			outputPaths = (
				"$(DERIVED_FILE_DIR)/Pods-StarbucksCloneTests-checkManifestLockResult.txt",
			);
			runOnlyForDeploymentPostprocessing = 0;
			shellPath = /bin/sh;
			shellScript = "diff \"${PODS_PODFILE_DIR_PATH}/Podfile.lock\" \"${PODS_ROOT}/Manifest.lock\" > /dev/null\nif [ $? != 0 ] ; then\n    # print error to STDERR\n    echo \"error: The sandbox is not in sync with the Podfile.lock. Run 'pod install' or update your CocoaPods installation.\" >&2\n    exit 1\nfi\n# This output is used by Xcode 'outputs' to avoid re-running this script phase.\necho \"SUCCESS\" > \"${SCRIPT_OUTPUT_FILE_0}\"\n";
			showEnvVarsInLog = 0;
		};
		6F98A1CB13F0538B4A0F9C48 /* [CP] Embed Pods Frameworks */ = {
			isa = PBXShellScriptBuildPhase;
			buildActionMask = 2147483647;
			files = (
			);
			inputFileListPaths = (
				"${PODS_ROOT}/Target Support Files/Pods-StarbucksClone/Pods-StarbucksClone-frameworks-${CONFIGURATION}-input-files.xcfilelist",
			);
			name = "[CP] Embed Pods Frameworks";
			outputFileListPaths = (
				"${PODS_ROOT}/Target Support Files/Pods-StarbucksClone/Pods-StarbucksClone-frameworks-${CONFIGURATION}-output-files.xcfilelist",
			);
			runOnlyForDeploymentPostprocessing = 0;
			shellPath = /bin/sh;
			shellScript = "\"${PODS_ROOT}/Target Support Files/Pods-StarbucksClone/Pods-StarbucksClone-frameworks.sh\"\n";
			showEnvVarsInLog = 0;
		};
		B0046E3A3AAD4D380A3F3789 /* [CP] Check Pods Manifest.lock */ = {
			isa = PBXShellScriptBuildPhase;
			buildActionMask = 2147483647;
			files = (
			);
			inputFileListPaths = (
			);
			inputPaths = (
				"${PODS_PODFILE_DIR_PATH}/Podfile.lock",
				"${PODS_ROOT}/Manifest.lock",
			);
			name = "[CP] Check Pods Manifest.lock";
			outputFileListPaths = (
			);
			outputPaths = (
				"$(DERIVED_FILE_DIR)/Pods-StarbucksClone-checkManifestLockResult.txt",
			);
			runOnlyForDeploymentPostprocessing = 0;
			shellPath = /bin/sh;
			shellScript = "diff \"${PODS_PODFILE_DIR_PATH}/Podfile.lock\" \"${PODS_ROOT}/Manifest.lock\" > /dev/null\nif [ $? != 0 ] ; then\n    # print error to STDERR\n    echo \"error: The sandbox is not in sync with the Podfile.lock. Run 'pod install' or update your CocoaPods installation.\" >&2\n    exit 1\nfi\n# This output is used by Xcode 'outputs' to avoid re-running this script phase.\necho \"SUCCESS\" > \"${SCRIPT_OUTPUT_FILE_0}\"\n";
			showEnvVarsInLog = 0;
		};
		D15E95FA93C873700EAEBBEF /* [CP] Check Pods Manifest.lock */ = {
			isa = PBXShellScriptBuildPhase;
			buildActionMask = 2147483647;
			files = (
			);
			inputFileListPaths = (
			);
			inputPaths = (
				"${PODS_PODFILE_DIR_PATH}/Podfile.lock",
				"${PODS_ROOT}/Manifest.lock",
			);
			name = "[CP] Check Pods Manifest.lock";
			outputFileListPaths = (
			);
			outputPaths = (
				"$(DERIVED_FILE_DIR)/Pods-StarbucksClone-StarbucksCloneUITests-checkManifestLockResult.txt",
			);
			runOnlyForDeploymentPostprocessing = 0;
			shellPath = /bin/sh;
			shellScript = "diff \"${PODS_PODFILE_DIR_PATH}/Podfile.lock\" \"${PODS_ROOT}/Manifest.lock\" > /dev/null\nif [ $? != 0 ] ; then\n    # print error to STDERR\n    echo \"error: The sandbox is not in sync with the Podfile.lock. Run 'pod install' or update your CocoaPods installation.\" >&2\n    exit 1\nfi\n# This output is used by Xcode 'outputs' to avoid re-running this script phase.\necho \"SUCCESS\" > \"${SCRIPT_OUTPUT_FILE_0}\"\n";
			showEnvVarsInLog = 0;
		};
		D1937DEC3B2783963BC1B27A /* [CP] Embed Pods Frameworks */ = {
			isa = PBXShellScriptBuildPhase;
			buildActionMask = 2147483647;
			files = (
			);
			inputFileListPaths = (
				"${PODS_ROOT}/Target Support Files/Pods-StarbucksClone-StarbucksCloneUITests/Pods-StarbucksClone-StarbucksCloneUITests-frameworks-${CONFIGURATION}-input-files.xcfilelist",
			);
			name = "[CP] Embed Pods Frameworks";
			outputFileListPaths = (
				"${PODS_ROOT}/Target Support Files/Pods-StarbucksClone-StarbucksCloneUITests/Pods-StarbucksClone-StarbucksCloneUITests-frameworks-${CONFIGURATION}-output-files.xcfilelist",
			);
			runOnlyForDeploymentPostprocessing = 0;
			shellPath = /bin/sh;
			shellScript = "\"${PODS_ROOT}/Target Support Files/Pods-StarbucksClone-StarbucksCloneUITests/Pods-StarbucksClone-StarbucksCloneUITests-frameworks.sh\"\n";
			showEnvVarsInLog = 0;
		};
/* End PBXShellScriptBuildPhase section */

/* Begin PBXSourcesBuildPhase section */
		726655FE2829039400FCE427 /* Sources */ = {
			isa = PBXSourcesBuildPhase;
			buildActionMask = 2147483647;
			files = (
				7202D2DA2833759500683403 /* WhatsNewTitleView.swift in Sources */,
				72888EE02832404C005C032D /* SceneDependency.swift in Sources */,
				7202D2E128338A9900683403 /* RecommendDTO.swift in Sources */,
				7266560A2829039400FCE427 /* LoginViewController.swift in Sources */,
				02DFA2EA282BA9B6005834D6 /* EventViewController.swift in Sources */,
				724CB069282A3EC8001DD361 /* KakaoLogin.swift in Sources */,
				02E32FDC283404760045A371 /* HomeService.swift in Sources */,
				02DFA2FB282CA59B005834D6 /* CodeSquadStarbuckstAPI.swift in Sources */,
				02E32FE4283404C10045A371 /* HomeComponentsDTO.swift in Sources */,
				02DFA2F9282CA50A005834D6 /* EventService.swift in Sources */,
				022DF8AF282E1F4E0022A954 /* HomeViewController.swift in Sources */,
				02E32FDE2834048B0045A371 /* HomeRepository.swift in Sources */,
				7210186D282CA7CD00D36E1F /* StarbuckstDTO.swift in Sources */,
				02DFA2DF282B8C3C005834D6 /* UserData.swift in Sources */,
				02DFA2F5282CA209005834D6 /* EventRepository.swift in Sources */,
				02DA60172832489A00AE9C00 /* EventDependency.swift in Sources */,
				02DA60152832449500AE9C00 /* LoginDependency.swift in Sources */,
				726656062829039400FCE427 /* AppDelegate.swift in Sources */,
				02DFA2F1282BAD7E005834D6 /* UIColor+.swift in Sources */,
				02E32FE0283404A30045A371 /* HomeComponents.swift in Sources */,
				0274E8E5282A010E0074C3E8 /* LoginView.swift in Sources */,
				7202D2E328338B1900683403 /* RecommentCollectionCell.swift in Sources */,
				02E32FDA2834044E0045A371 /* HomeAPI.swift in Sources */,
				7202D2DD283386B700683403 /* RecommendCollectionDelegate.swift in Sources */,
				720B05372831ECD1000C630F /* ViewControllerComponents.swift in Sources */,
				726656082829039400FCE427 /* SceneDelegate.swift in Sources */,
				02DFA2F3282BF9D1005834D6 /* EventUseCase.swift in Sources */,
				7202D2DF2833890600683403 /* RecommendCollectionDataSource.swift in Sources */,
				724CB067282A3EB4001DD361 /* LoginUseCase.swift in Sources */,
				02E32FD82834041A0045A371 /* HomeUseCase.swift in Sources */,
				72888EDE28323F4A005C032D /* DependencyInjector.swift in Sources */,
				02DFA2E1282B8CA1005834D6 /* SceneUseCase.swift in Sources */,
				7202D2D82833742F00683403 /* HomeView.swift in Sources */,
				02DFA2DD282B8589005834D6 /* UserDefaultManager.swift in Sources */,
				02DFA2E8282BA605005834D6 /* EventView.swift in Sources */,
				02E32FE2283404B50045A371 /* ProductDTO.swift in Sources */,
			);
			runOnlyForDeploymentPostprocessing = 0;
		};
		726656142829039600FCE427 /* Sources */ = {
			isa = PBXSourcesBuildPhase;
			buildActionMask = 2147483647;
			files = (
				72FD49B528336C1700E5322A /* EventRepositoryStub.swift in Sources */,
				7266561D2829039600FCE427 /* StarbucksCloneTests.swift in Sources */,
				02DA60402833714A00AE9C00 /* KakaoLoginStub.swift in Sources */,
			);
			runOnlyForDeploymentPostprocessing = 0;
		};
		7266561E2829039600FCE427 /* Sources */ = {
			isa = PBXSourcesBuildPhase;
			buildActionMask = 2147483647;
			files = (
				726656272829039600FCE427 /* StarbucksCloneUITests.swift in Sources */,
				726656292829039600FCE427 /* StarbucksCloneUITestsLaunchTests.swift in Sources */,
			);
			runOnlyForDeploymentPostprocessing = 0;
		};
/* End PBXSourcesBuildPhase section */

/* Begin PBXTargetDependency section */
		7266561A2829039600FCE427 /* PBXTargetDependency */ = {
			isa = PBXTargetDependency;
			target = 726656012829039400FCE427 /* StarbucksClone */;
			targetProxy = 726656192829039600FCE427 /* PBXContainerItemProxy */;
		};
		726656242829039600FCE427 /* PBXTargetDependency */ = {
			isa = PBXTargetDependency;
			target = 726656012829039400FCE427 /* StarbucksClone */;
			targetProxy = 726656232829039600FCE427 /* PBXContainerItemProxy */;
		};
/* End PBXTargetDependency section */

/* Begin PBXVariantGroup section */
		726656102829039600FCE427 /* LaunchScreen.storyboard */ = {
			isa = PBXVariantGroup;
			children = (
				726656112829039600FCE427 /* Base */,
			);
			name = LaunchScreen.storyboard;
			sourceTree = "<group>";
		};
/* End PBXVariantGroup section */

/* Begin XCBuildConfiguration section */
		7266562A2829039600FCE427 /* Debug */ = {
			isa = XCBuildConfiguration;
			buildSettings = {
				ALWAYS_SEARCH_USER_PATHS = NO;
				CLANG_ANALYZER_NONNULL = YES;
				CLANG_ANALYZER_NUMBER_OBJECT_CONVERSION = YES_AGGRESSIVE;
				CLANG_CXX_LANGUAGE_STANDARD = "gnu++17";
				CLANG_CXX_LIBRARY = "libc++";
				CLANG_ENABLE_MODULES = YES;
				CLANG_ENABLE_OBJC_ARC = YES;
				CLANG_ENABLE_OBJC_WEAK = YES;
				CLANG_WARN_BLOCK_CAPTURE_AUTORELEASING = YES;
				CLANG_WARN_BOOL_CONVERSION = YES;
				CLANG_WARN_COMMA = YES;
				CLANG_WARN_CONSTANT_CONVERSION = YES;
				CLANG_WARN_DEPRECATED_OBJC_IMPLEMENTATIONS = YES;
				CLANG_WARN_DIRECT_OBJC_ISA_USAGE = YES_ERROR;
				CLANG_WARN_DOCUMENTATION_COMMENTS = YES;
				CLANG_WARN_EMPTY_BODY = YES;
				CLANG_WARN_ENUM_CONVERSION = YES;
				CLANG_WARN_INFINITE_RECURSION = YES;
				CLANG_WARN_INT_CONVERSION = YES;
				CLANG_WARN_NON_LITERAL_NULL_CONVERSION = YES;
				CLANG_WARN_OBJC_IMPLICIT_RETAIN_SELF = YES;
				CLANG_WARN_OBJC_LITERAL_CONVERSION = YES;
				CLANG_WARN_OBJC_ROOT_CLASS = YES_ERROR;
				CLANG_WARN_QUOTED_INCLUDE_IN_FRAMEWORK_HEADER = YES;
				CLANG_WARN_RANGE_LOOP_ANALYSIS = YES;
				CLANG_WARN_STRICT_PROTOTYPES = YES;
				CLANG_WARN_SUSPICIOUS_MOVE = YES;
				CLANG_WARN_UNGUARDED_AVAILABILITY = YES_AGGRESSIVE;
				CLANG_WARN_UNREACHABLE_CODE = YES;
				CLANG_WARN__DUPLICATE_METHOD_MATCH = YES;
				COPY_PHASE_STRIP = NO;
				DEBUG_INFORMATION_FORMAT = dwarf;
				ENABLE_STRICT_OBJC_MSGSEND = YES;
				ENABLE_TESTABILITY = YES;
				GCC_C_LANGUAGE_STANDARD = gnu11;
				GCC_DYNAMIC_NO_PIC = NO;
				GCC_NO_COMMON_BLOCKS = YES;
				GCC_OPTIMIZATION_LEVEL = 0;
				GCC_PREPROCESSOR_DEFINITIONS = (
					"DEBUG=1",
					"$(inherited)",
				);
				GCC_WARN_64_TO_32_BIT_CONVERSION = YES;
				GCC_WARN_ABOUT_RETURN_TYPE = YES_ERROR;
				GCC_WARN_UNDECLARED_SELECTOR = YES;
				GCC_WARN_UNINITIALIZED_AUTOS = YES_AGGRESSIVE;
				GCC_WARN_UNUSED_FUNCTION = YES;
				GCC_WARN_UNUSED_VARIABLE = YES;
				IPHONEOS_DEPLOYMENT_TARGET = 15.2;
				MTL_ENABLE_DEBUG_INFO = INCLUDE_SOURCE;
				MTL_FAST_MATH = YES;
				ONLY_ACTIVE_ARCH = YES;
				SDKROOT = iphoneos;
				SWIFT_ACTIVE_COMPILATION_CONDITIONS = DEBUG;
				SWIFT_OPTIMIZATION_LEVEL = "-Onone";
			};
			name = Debug;
		};
		7266562B2829039600FCE427 /* Release */ = {
			isa = XCBuildConfiguration;
			buildSettings = {
				ALWAYS_SEARCH_USER_PATHS = NO;
				CLANG_ANALYZER_NONNULL = YES;
				CLANG_ANALYZER_NUMBER_OBJECT_CONVERSION = YES_AGGRESSIVE;
				CLANG_CXX_LANGUAGE_STANDARD = "gnu++17";
				CLANG_CXX_LIBRARY = "libc++";
				CLANG_ENABLE_MODULES = YES;
				CLANG_ENABLE_OBJC_ARC = YES;
				CLANG_ENABLE_OBJC_WEAK = YES;
				CLANG_WARN_BLOCK_CAPTURE_AUTORELEASING = YES;
				CLANG_WARN_BOOL_CONVERSION = YES;
				CLANG_WARN_COMMA = YES;
				CLANG_WARN_CONSTANT_CONVERSION = YES;
				CLANG_WARN_DEPRECATED_OBJC_IMPLEMENTATIONS = YES;
				CLANG_WARN_DIRECT_OBJC_ISA_USAGE = YES_ERROR;
				CLANG_WARN_DOCUMENTATION_COMMENTS = YES;
				CLANG_WARN_EMPTY_BODY = YES;
				CLANG_WARN_ENUM_CONVERSION = YES;
				CLANG_WARN_INFINITE_RECURSION = YES;
				CLANG_WARN_INT_CONVERSION = YES;
				CLANG_WARN_NON_LITERAL_NULL_CONVERSION = YES;
				CLANG_WARN_OBJC_IMPLICIT_RETAIN_SELF = YES;
				CLANG_WARN_OBJC_LITERAL_CONVERSION = YES;
				CLANG_WARN_OBJC_ROOT_CLASS = YES_ERROR;
				CLANG_WARN_QUOTED_INCLUDE_IN_FRAMEWORK_HEADER = YES;
				CLANG_WARN_RANGE_LOOP_ANALYSIS = YES;
				CLANG_WARN_STRICT_PROTOTYPES = YES;
				CLANG_WARN_SUSPICIOUS_MOVE = YES;
				CLANG_WARN_UNGUARDED_AVAILABILITY = YES_AGGRESSIVE;
				CLANG_WARN_UNREACHABLE_CODE = YES;
				CLANG_WARN__DUPLICATE_METHOD_MATCH = YES;
				COPY_PHASE_STRIP = NO;
				DEBUG_INFORMATION_FORMAT = "dwarf-with-dsym";
				ENABLE_NS_ASSERTIONS = NO;
				ENABLE_STRICT_OBJC_MSGSEND = YES;
				GCC_C_LANGUAGE_STANDARD = gnu11;
				GCC_NO_COMMON_BLOCKS = YES;
				GCC_WARN_64_TO_32_BIT_CONVERSION = YES;
				GCC_WARN_ABOUT_RETURN_TYPE = YES_ERROR;
				GCC_WARN_UNDECLARED_SELECTOR = YES;
				GCC_WARN_UNINITIALIZED_AUTOS = YES_AGGRESSIVE;
				GCC_WARN_UNUSED_FUNCTION = YES;
				GCC_WARN_UNUSED_VARIABLE = YES;
				IPHONEOS_DEPLOYMENT_TARGET = 15.2;
				MTL_ENABLE_DEBUG_INFO = NO;
				MTL_FAST_MATH = YES;
				SDKROOT = iphoneos;
				SWIFT_COMPILATION_MODE = wholemodule;
				SWIFT_OPTIMIZATION_LEVEL = "-O";
				VALIDATE_PRODUCT = YES;
			};
			name = Release;
		};
		7266562D2829039600FCE427 /* Debug */ = {
			isa = XCBuildConfiguration;
			baseConfigurationReference = 98582D50427383EA793B2D81 /* Pods-StarbucksClone.debug.xcconfig */;
			buildSettings = {
				ASSETCATALOG_COMPILER_APPICON_NAME = AppIcon;
				ASSETCATALOG_COMPILER_GLOBAL_ACCENT_COLOR_NAME = AccentColor;
				CODE_SIGN_ENTITLEMENTS = StarbucksClone/StarbucksClone.entitlements;
				CODE_SIGN_STYLE = Automatic;
				CURRENT_PROJECT_VERSION = 1;
				DEVELOPMENT_TEAM = B3PWYBKFUK;
				GENERATE_INFOPLIST_FILE = YES;
				INFOPLIST_FILE = StarbucksClone/Info.plist;
				INFOPLIST_KEY_UIApplicationSupportsIndirectInputEvents = YES;
				INFOPLIST_KEY_UILaunchStoryboardName = LaunchScreen;
				INFOPLIST_KEY_UISupportedInterfaceOrientations_iPad = "UIInterfaceOrientationPortrait UIInterfaceOrientationPortraitUpsideDown UIInterfaceOrientationLandscapeLeft UIInterfaceOrientationLandscapeRight";
				INFOPLIST_KEY_UISupportedInterfaceOrientations_iPhone = "UIInterfaceOrientationPortrait UIInterfaceOrientationLandscapeLeft UIInterfaceOrientationLandscapeRight";
				LD_RUNPATH_SEARCH_PATHS = (
					"$(inherited)",
					"@executable_path/Frameworks",
				);
				MARKETING_VERSION = 1.0;
				PRODUCT_BUNDLE_IDENTIFIER = com.solbony.practice.StarbucksClone;
				PRODUCT_NAME = "$(TARGET_NAME)";
				SWIFT_EMIT_LOC_STRINGS = YES;
				SWIFT_VERSION = 5.0;
				TARGETED_DEVICE_FAMILY = "1,2";
			};
			name = Debug;
		};
		7266562E2829039600FCE427 /* Release */ = {
			isa = XCBuildConfiguration;
			baseConfigurationReference = F6FFE906934301C1DFB2BEBE /* Pods-StarbucksClone.release.xcconfig */;
			buildSettings = {
				ASSETCATALOG_COMPILER_APPICON_NAME = AppIcon;
				ASSETCATALOG_COMPILER_GLOBAL_ACCENT_COLOR_NAME = AccentColor;
				CODE_SIGN_ENTITLEMENTS = StarbucksClone/StarbucksClone.entitlements;
				CODE_SIGN_STYLE = Automatic;
				CURRENT_PROJECT_VERSION = 1;
				DEVELOPMENT_TEAM = B3PWYBKFUK;
				GENERATE_INFOPLIST_FILE = YES;
				INFOPLIST_FILE = StarbucksClone/Info.plist;
				INFOPLIST_KEY_UIApplicationSupportsIndirectInputEvents = YES;
				INFOPLIST_KEY_UILaunchStoryboardName = LaunchScreen;
				INFOPLIST_KEY_UISupportedInterfaceOrientations_iPad = "UIInterfaceOrientationPortrait UIInterfaceOrientationPortraitUpsideDown UIInterfaceOrientationLandscapeLeft UIInterfaceOrientationLandscapeRight";
				INFOPLIST_KEY_UISupportedInterfaceOrientations_iPhone = "UIInterfaceOrientationPortrait UIInterfaceOrientationLandscapeLeft UIInterfaceOrientationLandscapeRight";
				LD_RUNPATH_SEARCH_PATHS = (
					"$(inherited)",
					"@executable_path/Frameworks",
				);
				MARKETING_VERSION = 1.0;
				PRODUCT_BUNDLE_IDENTIFIER = com.solbony.practice.StarbucksClone;
				PRODUCT_NAME = "$(TARGET_NAME)";
				SWIFT_EMIT_LOC_STRINGS = YES;
				SWIFT_VERSION = 5.0;
				TARGETED_DEVICE_FAMILY = "1,2";
			};
			name = Release;
		};
		726656302829039600FCE427 /* Debug */ = {
			isa = XCBuildConfiguration;
			baseConfigurationReference = 9B0F3E2DDD226EEFB72B4E7A /* Pods-StarbucksCloneTests.debug.xcconfig */;
			buildSettings = {
				ALWAYS_EMBED_SWIFT_STANDARD_LIBRARIES = YES;
				BUNDLE_LOADER = "$(TEST_HOST)";
				CODE_SIGN_STYLE = Automatic;
				CURRENT_PROJECT_VERSION = 1;
				DEVELOPMENT_TEAM = B3PWYBKFUK;
				GENERATE_INFOPLIST_FILE = YES;
				IPHONEOS_DEPLOYMENT_TARGET = 15.2;
				MARKETING_VERSION = 1.0;
				PRODUCT_BUNDLE_IDENTIFIER = practice.StarbucksCloneTests;
				PRODUCT_NAME = "$(TARGET_NAME)";
				SWIFT_EMIT_LOC_STRINGS = NO;
				SWIFT_VERSION = 5.0;
				TARGETED_DEVICE_FAMILY = "1,2";
				TEST_HOST = "$(BUILT_PRODUCTS_DIR)/StarbucksClone.app/StarbucksClone";
			};
			name = Debug;
		};
		726656312829039600FCE427 /* Release */ = {
			isa = XCBuildConfiguration;
			baseConfigurationReference = A442B7F9BA65EF3B08110667 /* Pods-StarbucksCloneTests.release.xcconfig */;
			buildSettings = {
				ALWAYS_EMBED_SWIFT_STANDARD_LIBRARIES = YES;
				BUNDLE_LOADER = "$(TEST_HOST)";
				CODE_SIGN_STYLE = Automatic;
				CURRENT_PROJECT_VERSION = 1;
				DEVELOPMENT_TEAM = B3PWYBKFUK;
				GENERATE_INFOPLIST_FILE = YES;
				IPHONEOS_DEPLOYMENT_TARGET = 15.2;
				MARKETING_VERSION = 1.0;
				PRODUCT_BUNDLE_IDENTIFIER = practice.StarbucksCloneTests;
				PRODUCT_NAME = "$(TARGET_NAME)";
				SWIFT_EMIT_LOC_STRINGS = NO;
				SWIFT_VERSION = 5.0;
				TARGETED_DEVICE_FAMILY = "1,2";
				TEST_HOST = "$(BUILT_PRODUCTS_DIR)/StarbucksClone.app/StarbucksClone";
			};
			name = Release;
		};
		726656332829039600FCE427 /* Debug */ = {
			isa = XCBuildConfiguration;
			baseConfigurationReference = F6ECDE7B9B69A23FB22BE91E /* Pods-StarbucksClone-StarbucksCloneUITests.debug.xcconfig */;
			buildSettings = {
				ALWAYS_EMBED_SWIFT_STANDARD_LIBRARIES = YES;
				CODE_SIGN_STYLE = Automatic;
				CURRENT_PROJECT_VERSION = 1;
				DEVELOPMENT_TEAM = B3PWYBKFUK;
				GENERATE_INFOPLIST_FILE = YES;
				MARKETING_VERSION = 1.0;
				PRODUCT_BUNDLE_IDENTIFIER = practice.StarbucksCloneUITests;
				PRODUCT_NAME = "$(TARGET_NAME)";
				SWIFT_EMIT_LOC_STRINGS = NO;
				SWIFT_VERSION = 5.0;
				TARGETED_DEVICE_FAMILY = "1,2";
				TEST_TARGET_NAME = StarbucksClone;
			};
			name = Debug;
		};
		726656342829039600FCE427 /* Release */ = {
			isa = XCBuildConfiguration;
			baseConfigurationReference = D816242151031D9D59B1540C /* Pods-StarbucksClone-StarbucksCloneUITests.release.xcconfig */;
			buildSettings = {
				ALWAYS_EMBED_SWIFT_STANDARD_LIBRARIES = YES;
				CODE_SIGN_STYLE = Automatic;
				CURRENT_PROJECT_VERSION = 1;
				DEVELOPMENT_TEAM = B3PWYBKFUK;
				GENERATE_INFOPLIST_FILE = YES;
				MARKETING_VERSION = 1.0;
				PRODUCT_BUNDLE_IDENTIFIER = practice.StarbucksCloneUITests;
				PRODUCT_NAME = "$(TARGET_NAME)";
				SWIFT_EMIT_LOC_STRINGS = NO;
				SWIFT_VERSION = 5.0;
				TARGETED_DEVICE_FAMILY = "1,2";
				TEST_TARGET_NAME = StarbucksClone;
			};
			name = Release;
		};
/* End XCBuildConfiguration section */

/* Begin XCConfigurationList section */
		726655FD2829039400FCE427 /* Build configuration list for PBXProject "StarbucksClone" */ = {
			isa = XCConfigurationList;
			buildConfigurations = (
				7266562A2829039600FCE427 /* Debug */,
				7266562B2829039600FCE427 /* Release */,
			);
			defaultConfigurationIsVisible = 0;
			defaultConfigurationName = Release;
		};
		7266562C2829039600FCE427 /* Build configuration list for PBXNativeTarget "StarbucksClone" */ = {
			isa = XCConfigurationList;
			buildConfigurations = (
				7266562D2829039600FCE427 /* Debug */,
				7266562E2829039600FCE427 /* Release */,
			);
			defaultConfigurationIsVisible = 0;
			defaultConfigurationName = Release;
		};
		7266562F2829039600FCE427 /* Build configuration list for PBXNativeTarget "StarbucksCloneTests" */ = {
			isa = XCConfigurationList;
			buildConfigurations = (
				726656302829039600FCE427 /* Debug */,
				726656312829039600FCE427 /* Release */,
			);
			defaultConfigurationIsVisible = 0;
			defaultConfigurationName = Release;
		};
		726656322829039600FCE427 /* Build configuration list for PBXNativeTarget "StarbucksCloneUITests" */ = {
			isa = XCConfigurationList;
			buildConfigurations = (
				726656332829039600FCE427 /* Debug */,
				726656342829039600FCE427 /* Release */,
			);
			defaultConfigurationIsVisible = 0;
			defaultConfigurationName = Release;
		};
/* End XCConfigurationList section */
	};
	rootObject = 726655FA2829039400FCE427 /* Project object */;
}
